
Microsoft Visual Studio Solution File, Format Version 12.00
# Visual Studio Version 16
VisualStudioVersion = 16.0.29505.145
MinimumVisualStudioVersion = 10.0.40219.1
Project("{FAE04EC0-301F-11D3-BF4B-00C04F79EFBC}") = "WinformsOnWeb", "WinformsOnWeb\WinformsOnWeb.csproj", "{74FDFF1C-E276-4D26-BEEE-FCA08CC44405}"
EndProject
Global
	GlobalSection(SolutionConfigurationPlatforms) = preSolution
		Debug|Any CPU = Debug|Any CPU
		Release|Any CPU = Release|Any CPU
	EndGlobalSection
	GlobalSection(ProjectConfigurationPlatforms) = postSolution
		{74FDFF1C-E276-4D26-BEEE-FCA08CC44405}.Debug|Any CPU.ActiveCfg = Debug|Any CPU
		{74FDFF1C-E276-4D26-BEEE-FCA08CC44405}.Debug|Any CPU.Build.0 = Debug|Any CPU
		{74FDFF1C-E276-4D26-BEEE-FCA08CC44405}.Release|Any CPU.ActiveCfg = Release|Any CPU
		{74FDFF1C-E276-4D26-BEEE-FCA08CC44405}.Release|Any CPU.Build.0 = Release|Any CPU
	EndGlobalSection
	GlobalSection(SolutionProperties) = preSolution
		HideSolutionNode = FALSE
	EndGlobalSection
	GlobalSection(ExtensibilityGlobals) = postSolution
		SolutionGuid = {CECB1EA8-5697-4E27-A3BC-BB4E23AECECB}
	EndGlobalSection
EndGlobal
