
Microsoft Visual Studio Solution File, Format Version 12.00
# Visual Studio Version 16
VisualStudioVersion = 16.0.29806.167
MinimumVisualStudioVersion = 10.0.40219.1
Project("{9A19103F-16F7-4668-BE54-9A1E7A4F7556}") = "WinformsOnWeb", "WinformsOnWeb\WinformsOnWeb.csproj", "{9E008A94-7D18-43E9-9071-498DD9713E16}"
EndProject
Project("{9A19103F-16F7-4668-BE54-9A1E7A4F7556}") = "FormTramslator", "FormTramslator\FormTramslator.csproj", "{54984337-B895-4281-924A-B6B6A9D18413}"
EndProject
Global
	GlobalSection(SolutionConfigurationPlatforms) = preSolution
		Debug|Any CPU = Debug|Any CPU
		Release|Any CPU = Release|Any CPU
	EndGlobalSection
	GlobalSection(ProjectConfigurationPlatforms) = postSolution
		{9E008A94-7D18-43E9-9071-498DD9713E16}.Debug|Any CPU.ActiveCfg = Debug|Any CPU
		{9E008A94-7D18-43E9-9071-498DD9713E16}.Debug|Any CPU.Build.0 = Debug|Any CPU
		{9E008A94-7D18-43E9-9071-498DD9713E16}.Release|Any CPU.ActiveCfg = Release|Any CPU
		{9E008A94-7D18-43E9-9071-498DD9713E16}.Release|Any CPU.Build.0 = Release|Any CPU
		{54984337-B895-4281-924A-B6B6A9D18413}.Debug|Any CPU.ActiveCfg = Debug|Any CPU
		{54984337-B895-4281-924A-B6B6A9D18413}.Debug|Any CPU.Build.0 = Debug|Any CPU
		{54984337-B895-4281-924A-B6B6A9D18413}.Release|Any CPU.ActiveCfg = Release|Any CPU
		{54984337-B895-4281-924A-B6B6A9D18413}.Release|Any CPU.Build.0 = Release|Any CPU
	EndGlobalSection
	GlobalSection(SolutionProperties) = preSolution
		HideSolutionNode = FALSE
	EndGlobalSection
	GlobalSection(ExtensibilityGlobals) = postSolution
		SolutionGuid = {4228BCE2-610F-4177-9123-FE09BB729BB5}
	EndGlobalSection
EndGlobal
